
Microsoft Visual Studio Solution File, Format Version 12.00
# Visual Studio 15
VisualStudioVersion = 15.0.28307.1022
MinimumVisualStudioVersion = 10.0.40219.1
Project("{FAE04EC0-301F-11D3-BF4B-00C04F79EFBC}") = "ProiectMDS", "ProiectMDS\ProiectMDS.csproj", "{22D9AD9A-DB19-4971-9582-D673E10AEE29}"
EndProject
Global
	GlobalSection(SolutionConfigurationPlatforms) = preSolution
		Debug|Any CPU = Debug|Any CPU
		Release|Any CPU = Release|Any CPU
	EndGlobalSection
	GlobalSection(ProjectConfigurationPlatforms) = postSolution
		{22D9AD9A-DB19-4971-9582-D673E10AEE29}.Debug|Any CPU.ActiveCfg = Debug|Any CPU
		{22D9AD9A-DB19-4971-9582-D673E10AEE29}.Debug|Any CPU.Build.0 = Debug|Any CPU
		{22D9AD9A-DB19-4971-9582-D673E10AEE29}.Release|Any CPU.ActiveCfg = Release|Any CPU
		{22D9AD9A-DB19-4971-9582-D673E10AEE29}.Release|Any CPU.Build.0 = Release|Any CPU
	EndGlobalSection
	GlobalSection(SolutionProperties) = preSolution
		HideSolutionNode = FALSE
	EndGlobalSection
	GlobalSection(ExtensibilityGlobals) = postSolution
		SolutionGuid = {0EABE436-BB8E-4601-955E-82EA4F06C617}
	EndGlobalSection
EndGlobal
